
Microsoft Visual Studio Solution File, Format Version 12.00
# Visual Studio 15
VisualStudioVersion = 15.0.28307.136
MinimumVisualStudioVersion = 10.0.40219.1
Project("{9A19103F-16F7-4668-BE54-9A1E7A4F7556}") = "HairSalon", "HairSalon\HairSalon.csproj", "{EBF195ED-01A6-4F5D-8F2B-549D30BD342B}"
EndProject
Global
	GlobalSection(SolutionConfigurationPlatforms) = preSolution
		Debug|Any CPU = Debug|Any CPU
		Release|Any CPU = Release|Any CPU
	EndGlobalSection
	GlobalSection(ProjectConfigurationPlatforms) = postSolution
		{EBF195ED-01A6-4F5D-8F2B-549D30BD342B}.Debug|Any CPU.ActiveCfg = Debug|Any CPU
		{EBF195ED-01A6-4F5D-8F2B-549D30BD342B}.Debug|Any CPU.Build.0 = Debug|Any CPU
		{EBF195ED-01A6-4F5D-8F2B-549D30BD342B}.Release|Any CPU.ActiveCfg = Release|Any CPU
		{EBF195ED-01A6-4F5D-8F2B-549D30BD342B}.Release|Any CPU.Build.0 = Release|Any CPU
	EndGlobalSection
	GlobalSection(SolutionProperties) = preSolution
		HideSolutionNode = FALSE
	EndGlobalSection
	GlobalSection(ExtensibilityGlobals) = postSolution
		SolutionGuid = {AD2BDA46-8BFA-48A6-B44D-C29F740A255A}
	EndGlobalSection
EndGlobal
